github.com/blakesmith/ar v0.0.0-20150311145944-8bd4349a67f2/go.mod h1:PkYb9DJNAwrSvRx5DYA+gUcOIgTGVMNkfSCbZM8cWpI=
github.com/creack/goselect v0.1.1/go.mod h1:a/NhLweNvqIYMuxcMOuWY516Cimucms3DglDzQP3hKY=
github.com/davecgh/go-spew v1.1.0/go.mod h1:J7Y8YcW2NihsgmVo/mv3lAwl/skON4iLHjSsI+c5H38=
github.com/golang/protobuf v1.2.0/go.mod h1:6lQm79b+lXiMfvg/cZm0SGofjICqVBUtrP5yJMmIC1U=
github.com/google/shlex v0.0.0-20181106134648-c34317bd91bf/go.mod h1:RpwtwJQFrIEPstU94h88MWPXP2ektJZ8cZ0YntAmXiE=
github.com/marcinbor85/gohex v0.0.0-20180128172054-7a43cd876e46/go.mod h1:Pb6XcsXyropB9LNHhnqaknG/vEwYztLkQzVCHv8sQ3M=
github.com/pmezard/go-difflib v1.0.0/go.mod h1:iKH77koFhYxTK1pcRnkKkqfTogsbg7gZNVY4sRDYZ/4=
github.com/racerxdl/gonx v0.0.0-20200516060607-124c438d76cd h1:9iobHBYrJ6WRKu6aW3bwLXob8LDK369fQll7zxASraw=
github.com/racerxdl/gonx v0.0.0-20200531182709-db1d886dc61f h1:DX/Cb8amMcrmyFQMX0hIqiSd4ei8FHVy2Pwj6dD0OUY=
github.com/racerxdl/gonx v0.0.0-20200531182709-db1d886dc61f/go.mod h1:4MRDx7D70fyiRjr/hwN0+kq3baqmmzIS7KKMExA17Mo=
github.com/racerxdl/gonx v0.0.0-20210102224128-6d0998d45c2e h1:/ZLUQalGCUpXhskYi7QceGFZyZfgbuKQt/WJM9DfVvE=
github.com/racerxdl/gonx v0.0.0-20210102224128-6d0998d45c2e/go.mod h1:4MRDx7D70fyiRjr/hwN0+kq3baqmmzIS7KKMExA17Mo=
github.com/racerxdl/gonx v0.0.0-20210103083128-c5afc43bcbd2 h1:1zRLfGfK2C63wk+MrCz9Ee50CV4KLfDihJbzSoiQBdM=
github.com/racerxdl/gonx v0.0.0-20210103083128-c5afc43bcbd2/go.mod h1:4MRDx7D70fyiRjr/hwN0+kq3baqmmzIS7KKMExA17Mo=
github.com/stretchr/objx v0.1.0/go.mod h1:HFkY916IF+rwdDfMAkV7OtwuqBVzrE8GR6GFx+wExME=
github.com/stretchr/testify v1.4.0/go.mod h1:j7eGeouHqKxXV5pUuKE4zz7dFj8WfuZ+81PSLYec5m4=
github.com/tinygo-org/tinygo v0.13.1 h1:fp7l5wUK7BFTHCfZz4F9GK0d14VG22Bk9eKmsnf4X4U=
github.com/tinygo-org/tinygo v0.13.1/go.mod h1:mpIvjJOEg9zFxUXMQaYyNs3eqxx1WblEzAFuCLtqDUg=
github.com/tinygo-org/tinygo v0.15.0 h1:os9BHXyEa6QfhoRhunj/65Dqu+vDdzsYsjSvcBjGB5w=
go.bug.st/serial v1.0.0/go.mod h1:rpXPISGjuNjPTRTcMlxi9lN6LoIPxd1ixVjBd8aSk/Q=
golang.org/x/crypto v0.0.0-20190308221718-c2843e01d9a2/go.mod h1:djNgcEr1/C05ACkg1iLfiJU5Ep61QUkGW8qpdssI0+w=
golang.org/x/crypto v0.0.0-20191011191535-87dc89f01550/go.mod h1:yigFU9vqHzYiE8UmvKecakEJjdnWj3jj499lnFckfCI=
golang.org/x/image v0.0.0-20200924062109-4578eab98f00 h1:9VSII+GM7HSMYSWsMcnMnDHKcDv2agce+07ISbE3llQ=
golang.org/x/image v0.0.0-20200924062109-4578eab98f00/go.mod h1:FeLwcggjj3mMvU+oOTbSwawSJRM1uh48EjtB4UJZlP0=
golang.org/x/mod v0.1.1-0.20191105210325-c90efee705ee/go.mod h1:QqPTAvyqsEbceGzBzNggFXnrqF1CaUcvgkdR5Ot7KZg=
golang.org/x/net v0.0.0-20180724234803-3673e40ba225/go.mod h1:mL1N/T3taQHkDXs73rZJwtUhF3w3ftmwwsq0BUmARs4=
golang.org/x/net v0.0.0-20190404232315-eb5bcb51f2a3/go.mod h1:t9HGtf8HONx5eT2rtn7q6eTqICYqUVnKs3thJo3Qplg=
golang.org/x/net v0.0.0-20190620200207-3b0461eec859/go.mod h1:z5CRVTTTmAJ677TzLLGU+0bjPO0LkuOLi4/5GtJWs/s=
golang.org/x/sync v0.0.0-20190423024810-112230192c58/go.mod h1:RxMgew5VJxzue5/jJTE5uejpjVlOe/izrB70Jof72aM=
golang.org/x/sys v0.0.0-20190215142949-d0b11bdaac8a/go.mod h1:STP8DvDyc/dI5b8T5hshtkjS+E42TnysNCUPdjciGhY=
golang.org/x/sys v0.0.0-20190412213103-97732733099d/go.mod h1:h1NjWce9XRLGQEsW7wpKNCjG9DtNlClVuFLEZdDNbEs=
golang.org/x/sys v0.0.0-20191128015809-6d18c012aee9/go.mod h1:h1NjWce9XRLGQEsW7wpKNCjG9DtNlClVuFLEZdDNbEs=
golang.org/x/text v0.3.0/go.mod h1:NqM8EUOU14njkJ3fqMW+pc6Ldnwhi/IjpwHt7yyuwOQ=
golang.org/x/tools v0.0.0-20200216192241-b320d3a0f5a2/go.mod h1:TB2adYChydJhpapKDTa4BR/hXlZSLoq2Wpct/0txZ28=
golang.org/x/xerrors v0.0.0-20191011141410-1b5146add898/go.mod h1:I/5z698sn9Ka8TeJc9MKroUUfqBBauWjQqLJ2OPfmY0=
google.golang.org/appengine v1.4.0/go.mod h1:xpcJRLb0r/rnEns0DIKYYv+WjYCduHsrkT7/EB5XEv4=
gopkg.in/check.v1 v0.0.0-20161208181325-20d25e280405/go.mod h1:Co6ibVJAznAaIkqp8huTwlJQCZ016jof/cbN4VW5Yz0=
gopkg.in/yaml.v2 v2.2.2/go.mod h1:hI93XBmqTisBFMUTm0b8Fm+jr3Dg1NNxqwp+5A1VGuI=
tinygo.org/x/go-llvm v0.0.0-20200401165421-8d120882fc7a/go.mod h1:fv1F0BSNpxMfCL0zF3M4OPFbgYHnhtB6ST0HvUtu/LE=
